<Solution>
  <Folder Name="/src/" />
  <Folder Name="/src/1 - API/">
    <Project Path="src/Devices.Api/Devices.Api.csproj" />
  </Folder>
  <Folder Name="/src/2 - Application/">
    <Project Path="src/Devices.Application/Devices.Application.csproj" />
  </Folder>
  <Folder Name="/src/3 - Domain/">
    <Project Path="src/Devices.Domain/Devices.Domain.csproj" />
  </Folder>
  <Folder Name="/src/4 - Infrastructure/">
    <Project Path="src/Decives.Infrastructure/Decives.Infrastructure.csproj" />
  </Folder>
  <Folder Name="/tests/">
    <Project Path="Devices.IntegrationTest/Devices.IntegrationTest.csproj" Id="13cd1870-c7a9-4bc9-94c4-a3ca720b9ebd" />
    <Project Path="Devices.UnitTest/Devices.UnitTest.csproj" Id="1b0b5963-66e0-4925-b655-1633565c64c6" />
  </Folder>
</Solution>
